<?xml version="1.0" encoding="utf-8"?>
<Project ToolsVersion="4.0" xmlns="http://schemas.microsoft.com/developer/msbuild/2003">
  <ItemGroup>
    <Filter Include="ECS">
      <UniqueIdentifier>{6c0359ca-8dae-49b7-8863-81095cbfe8eb}</UniqueIdentifier>
    </Filter>
    <Filter Include="ECS\Math">
      <UniqueIdentifier>{4675daf1-2e9f-41f8-b04c-f7e1eb7e117d}</UniqueIdentifier>
    </Filter>
    <Filter Include="ECS\Math\Geometry">
      <UniqueIdentifier>{4f4bee3b-0fa4-4a8d-a2eb-837e6723b163}</UniqueIdentifier>
    </Filter>
    <Filter Include="World">
      <UniqueIdentifier>{a90d7155-403d-46aa-9bb7-0d137c2de0a8}</UniqueIdentifier>
    </Filter>
    <Filter Include="World\System">
      <UniqueIdentifier>{ee8c6ff1-1af2-4f41-bc8a-6274ee96e4a7}</UniqueIdentifier>
    </Filter>
    <Filter Include="entt">
      <UniqueIdentifier>{16017bf5-09da-4069-9ddf-66a4589ce10d}</UniqueIdentifier>
    </Filter>
  </ItemGroup>
  <ItemGroup>
    <ClCompile Include="ECS\World.cpp">
      <Filter>ECS</Filter>
    </ClCompile>
    <ClCompile Include="ECS\Math\ECSMath_AffineTransform.cpp">
      <Filter>ECS\Math</Filter>
    </ClCompile>
    <ClCompile Include="ECS\Math\ECSMath_bool2.cpp">
      <Filter>ECS\Math</Filter>
    </ClCompile>
    <ClCompile Include="ECS\Math\ECSMath_bool3.cpp">
      <Filter>ECS\Math</Filter>
    </ClCompile>
    <ClCompile Include="ECS\Math\ECSMath_bool4.cpp">
      <Filter>ECS\Math</Filter>
    </ClCompile>
    <ClCompile Include="ECS\Math\ECSMath_double2.cpp">
      <Filter>ECS\Math</Filter>
    </ClCompile>
    <ClCompile Include="ECS\Math\ECSMath_double3.cpp">
      <Filter>ECS\Math</Filter>
    </ClCompile>
    <ClCompile Include="ECS\Math\ECSMath_double4.cpp">
      <Filter>ECS\Math</Filter>
    </ClCompile>
    <ClCompile Include="ECS\Math\ECSMath_float2.cpp">
      <Filter>ECS\Math</Filter>
    </ClCompile>
    <ClCompile Include="ECS\Math\ECSMath_float3.cpp">
      <Filter>ECS\Math</Filter>
    </ClCompile>
    <ClCompile Include="ECS\Math\ECSMath_float4.cpp">
      <Filter>ECS\Math</Filter>
    </ClCompile>
    <ClCompile Include="ECS\Math\ECSMath_int2.cpp">
      <Filter>ECS\Math</Filter>
    </ClCompile>
    <ClCompile Include="ECS\Math\ECSMath_int3.cpp">
      <Filter>ECS\Math</Filter>
    </ClCompile>
    <ClCompile Include="ECS\Math\ECSMath_int4.cpp">
      <Filter>ECS\Math</Filter>
    </ClCompile>
    <ClCompile Include="ECS\Math\ECSMath_quaternion.cpp">
      <Filter>ECS\Math</Filter>
    </ClCompile>
    <ClCompile Include="ECS\Math\ECSMath_sdv.cpp">
      <Filter>ECS\Math</Filter>
    </ClCompile>
    <ClCompile Include="ECS\Math\ECSMath_uint2.cpp">
      <Filter>ECS\Math</Filter>
    </ClCompile>
    <ClCompile Include="ECS\Math\ECSMath_uint3.cpp">
      <Filter>ECS\Math</Filter>
    </ClCompile>
    <ClCompile Include="ECS\Math\ECSMath_uint4.cpp">
      <Filter>ECS\Math</Filter>
    </ClCompile>
    <ClCompile Include="ECS.cpp" />
  </ItemGroup>
  <ItemGroup>
    <ClInclude Include="ECS\Timer.h">
      <Filter>ECS</Filter>
    </ClInclude>
    <ClInclude Include="ECS\ECSTypeDef.h">
      <Filter>ECS</Filter>
    </ClInclude>
    <ClInclude Include="ECS\System.h">
      <Filter>ECS</Filter>
    </ClInclude>
    <ClInclude Include="ECS\World.h">
      <Filter>ECS</Filter>
    </ClInclude>
    <ClInclude Include="ECS\Math\ECSMath.h">
      <Filter>ECS\Math</Filter>
    </ClInclude>
    <ClInclude Include="ECS\Math\ECSMath_AffineTransform.h">
      <Filter>ECS\Math</Filter>
    </ClInclude>
    <ClInclude Include="ECS\Math\ECSMath_bool2.h">
      <Filter>ECS\Math</Filter>
    </ClInclude>
    <ClInclude Include="ECS\Math\ECSMath_bool2x2.h">
      <Filter>ECS\Math</Filter>
    </ClInclude>
    <ClInclude Include="ECS\Math\ECSMath_bool2x3.h">
      <Filter>ECS\Math</Filter>
    </ClInclude>
    <ClInclude Include="ECS\Math\ECSMath_bool2x4.h">
      <Filter>ECS\Math</Filter>
    </ClInclude>
    <ClInclude Include="ECS\Math\ECSMath_bool3.h">
      <Filter>ECS\Math</Filter>
    </ClInclude>
    <ClInclude Include="ECS\Math\ECSMath_bool3x2.h">
      <Filter>ECS\Math</Filter>
    </ClInclude>
    <ClInclude Include="ECS\Math\ECSMath_bool3x3.h">
      <Filter>ECS\Math</Filter>
    </ClInclude>
    <ClInclude Include="ECS\Math\ECSMath_bool3x4.h">
      <Filter>ECS\Math</Filter>
    </ClInclude>
    <ClInclude Include="ECS\Math\ECSMath_bool4.h">
      <Filter>ECS\Math</Filter>
    </ClInclude>
    <ClInclude Include="ECS\Math\ECSMath_bool4x2.h">
      <Filter>ECS\Math</Filter>
    </ClInclude>
    <ClInclude Include="ECS\Math\ECSMath_bool4x3.h">
      <Filter>ECS\Math</Filter>
    </ClInclude>
    <ClInclude Include="ECS\Math\ECSMath_bool4x4.h">
      <Filter>ECS\Math</Filter>
    </ClInclude>
    <ClInclude Include="ECS\Math\ECSMath_double2.h">
      <Filter>ECS\Math</Filter>
    </ClInclude>
    <ClInclude Include="ECS\Math\ECSMath_double2x2.h">
      <Filter>ECS\Math</Filter>
    </ClInclude>
    <ClInclude Include="ECS\Math\ECSMath_double2x3.h">
      <Filter>ECS\Math</Filter>
    </ClInclude>
    <ClInclude Include="ECS\Math\ECSMath_double2x4.h">
      <Filter>ECS\Math</Filter>
    </ClInclude>
    <ClInclude Include="ECS\Math\ECSMath_double3.h">
      <Filter>ECS\Math</Filter>
    </ClInclude>
    <ClInclude Include="ECS\Math\ECSMath_double3x2.h">
      <Filter>ECS\Math</Filter>
    </ClInclude>
    <ClInclude Include="ECS\Math\ECSMath_double3x3.h">
      <Filter>ECS\Math</Filter>
    </ClInclude>
    <ClInclude Include="ECS\Math\ECSMath_double3x4.h">
      <Filter>ECS\Math</Filter>
    </ClInclude>
    <ClInclude Include="ECS\Math\ECSMath_double4.h">
      <Filter>ECS\Math</Filter>
    </ClInclude>
    <ClInclude Include="ECS\Math\ECSMath_double4x2.h">
      <Filter>ECS\Math</Filter>
    </ClInclude>
    <ClInclude Include="ECS\Math\ECSMath_double4x3.h">
      <Filter>ECS\Math</Filter>
    </ClInclude>
    <ClInclude Include="ECS\Math\ECSMath_double4x4.h">
      <Filter>ECS\Math</Filter>
    </ClInclude>
    <ClInclude Include="ECS\Math\ECSMath_float2.h">
      <Filter>ECS\Math</Filter>
    </ClInclude>
    <ClInclude Include="ECS\Math\ECSMath_float2x2.h">
      <Filter>ECS\Math</Filter>
    </ClInclude>
    <ClInclude Include="ECS\Math\ECSMath_float2x3.h">
      <Filter>ECS\Math</Filter>
    </ClInclude>
    <ClInclude Include="ECS\Math\ECSMath_float2x4.h">
      <Filter>ECS\Math</Filter>
    </ClInclude>
    <ClInclude Include="ECS\Math\ECSMath_float3.h">
      <Filter>ECS\Math</Filter>
    </ClInclude>
    <ClInclude Include="ECS\Math\ECSMath_float3x2.h">
      <Filter>ECS\Math</Filter>
    </ClInclude>
    <ClInclude Include="ECS\Math\ECSMath_float3x3.h">
      <Filter>ECS\Math</Filter>
    </ClInclude>
    <ClInclude Include="ECS\Math\ECSMath_float3x4.h">
      <Filter>ECS\Math</Filter>
    </ClInclude>
    <ClInclude Include="ECS\Math\ECSMath_float4.h">
      <Filter>ECS\Math</Filter>
    </ClInclude>
    <ClInclude Include="ECS\Math\ECSMath_float4x2.h">
      <Filter>ECS\Math</Filter>
    </ClInclude>
    <ClInclude Include="ECS\Math\ECSMath_float4x3.h">
      <Filter>ECS\Math</Filter>
    </ClInclude>
    <ClInclude Include="ECS\Math\ECSMath_float4x4.h">
      <Filter>ECS\Math</Filter>
    </ClInclude>
    <ClInclude Include="ECS\Math\ECSMath_int2.h">
      <Filter>ECS\Math</Filter>
    </ClInclude>
    <ClInclude Include="ECS\Math\ECSMath_int2x2.h">
      <Filter>ECS\Math</Filter>
    </ClInclude>
    <ClInclude Include="ECS\Math\ECSMath_int2x3.h">
      <Filter>ECS\Math</Filter>
    </ClInclude>
    <ClInclude Include="ECS\Math\ECSMath_int2x4.h">
      <Filter>ECS\Math</Filter>
    </ClInclude>
    <ClInclude Include="ECS\Math\ECSMath_int3.h">
      <Filter>ECS\Math</Filter>
    </ClInclude>
    <ClInclude Include="ECS\Math\ECSMath_int3x2.h">
      <Filter>ECS\Math</Filter>
    </ClInclude>
    <ClInclude Include="ECS\Math\ECSMath_int3x3.h">
      <Filter>ECS\Math</Filter>
    </ClInclude>
    <ClInclude Include="ECS\Math\ECSMath_int3x4.h">
      <Filter>ECS\Math</Filter>
    </ClInclude>
    <ClInclude Include="ECS\Math\ECSMath_int4.h">
      <Filter>ECS\Math</Filter>
    </ClInclude>
    <ClInclude Include="ECS\Math\ECSMath_int4x2.h">
      <Filter>ECS\Math</Filter>
    </ClInclude>
    <ClInclude Include="ECS\Math\ECSMath_int4x3.h">
      <Filter>ECS\Math</Filter>
    </ClInclude>
    <ClInclude Include="ECS\Math\ECSMath_int4x4.h">
      <Filter>ECS\Math</Filter>
    </ClInclude>
    <ClInclude Include="ECS\Math\ECSMath_math.h">
      <Filter>ECS\Math</Filter>
    </ClInclude>
    <ClInclude Include="ECS\Math\ECSMath_matrix.h">
      <Filter>ECS\Math</Filter>
    </ClInclude>
    <ClInclude Include="ECS\Math\ECSMath_quaternion.h">
      <Filter>ECS\Math</Filter>
    </ClInclude>
    <ClInclude Include="ECS\Math\ECSMath_random.h">
      <Filter>ECS\Math</Filter>
    </ClInclude>
    <ClInclude Include="ECS\Math\ECSMath_RigidTransform.h">
      <Filter>ECS\Math</Filter>
    </ClInclude>
    <ClInclude Include="ECS\Math\ECSMath_sdv.h">
      <Filter>ECS\Math</Filter>
    </ClInclude>
    <ClInclude Include="ECS\Math\ECSMath_uint2.h">
      <Filter>ECS\Math</Filter>
    </ClInclude>
    <ClInclude Include="ECS\Math\ECSMath_uint2x2.h">
      <Filter>ECS\Math</Filter>
    </ClInclude>
    <ClInclude Include="ECS\Math\ECSMath_uint2x3.h">
      <Filter>ECS\Math</Filter>
    </ClInclude>
    <ClInclude Include="ECS\Math\ECSMath_uint2x4.h">
      <Filter>ECS\Math</Filter>
    </ClInclude>
    <ClInclude Include="ECS\Math\ECSMath_uint3.h">
      <Filter>ECS\Math</Filter>
    </ClInclude>
    <ClInclude Include="ECS\Math\ECSMath_uint3x2.h">
      <Filter>ECS\Math</Filter>
    </ClInclude>
    <ClInclude Include="ECS\Math\ECSMath_uint3x3.h">
      <Filter>ECS\Math</Filter>
    </ClInclude>
    <ClInclude Include="ECS\Math\ECSMath_uint3x4.h">
      <Filter>ECS\Math</Filter>
    </ClInclude>
    <ClInclude Include="ECS\Math\ECSMath_uint4.h">
      <Filter>ECS\Math</Filter>
    </ClInclude>
    <ClInclude Include="ECS\Math\ECSMath_uint4x2.h">
      <Filter>ECS\Math</Filter>
    </ClInclude>
    <ClInclude Include="ECS\Math\ECSMath_uint4x3.h">
      <Filter>ECS\Math</Filter>
    </ClInclude>
    <ClInclude Include="ECS\Math\ECSMath_uint4x4.h">
      <Filter>ECS\Math</Filter>
    </ClInclude>
    <ClInclude Include="ECS\Math\Geometry\ECSMath_Plane.h">
      <Filter>ECS\Math\Geometry</Filter>
    </ClInclude>
    <ClInclude Include="ECS\Math\Geometry\ECSMath_MinMaxAABB.h">
      <Filter>ECS\Math\Geometry</Filter>
    </ClInclude>
    <ClInclude Include="entt\entt.hpp">
      <Filter>entt</Filter>
    </ClInclude>
    <ClInclude Include="ECS.h" />
    <ClInclude Include="World\FieldWorld.h">
      <Filter>World</Filter>
    </ClInclude>
    <ClInclude Include="World\System\FieldSystem.h">
      <Filter>World\System</Filter>
    </ClInclude>
  </ItemGroup>
</Project>